// !$*UTF8*$!
{
	archiveVersion = 1;
	classes = {
	};
	objectVersion = 50;
	objects = {

/* Begin PBXBuildFile section */
		C22478BE225EDC860065C747 /* UserNotifications.framework in Frameworks */ = {isa = PBXBuildFile; fileRef = C22478BD225EDC860065C747 /* UserNotifications.framework */; };
		C22478C7225EDE310065C747 /* PushKitPlugin.m in Sources */ = {isa = PBXBuildFile; fileRef = C22478C6225EDE310065C747 /* PushKitPlugin.m */; };
		C22478C8225EDE310065C747 /* PushKitPlugin.h in CopyFiles */ = {isa = PBXBuildFile; fileRef = C22478C5225EDE310065C747 /* PushKitPlugin.h */; };
		C22478CD225EDE400065C747 /* PushKit.framework in Frameworks */ = {isa = PBXBuildFile; fileRef = C22478CC225EDE400065C747 /* PushKit.framework */; };
		C22478CE225EE4750065C747 /* UserNotifications.framework in Frameworks */ = {isa = PBXBuildFile; fileRef = C22478BD225EDC860065C747 /* UserNotifications.framework */; };
		C22478E2225EECF40065C747 /* UIApplication+XGPushHookSetDelegate.m in Sources */ = {isa = PBXBuildFile; fileRef = C22478D6225EECF40065C747 /* UIApplication+XGPushHookSetDelegate.m */; };
		C22478E3225EECF40065C747 /* XGPushSwizzling.m in Sources */ = {isa = PBXBuildFile; fileRef = C22478DA225EECF40065C747 /* XGPushSwizzling.m */; };
		C22478E4225EECF40065C747 /* XGPushExtendClass.m in Sources */ = {isa = PBXBuildFile; fileRef = C22478E0225EECF40065C747 /* XGPushExtendClass.m */; };
		C22478E5225EECF40065C747 /* XGPushCheckSuper.m in Sources */ = {isa = PBXBuildFile; fileRef = C22478E1225EECF40065C747 /* XGPushCheckSuper.m */; };
		C2E7B8EA2176DD860063AF16 /* PluginProxy.m in Sources */ = {isa = PBXBuildFile; fileRef = C2E7B8E62176DD860063AF16 /* PluginProxy.m */; };
		C2E7B8EE2176DDCA0063AF16 /* TestPluginSDK.m in Sources */ = {isa = PBXBuildFile; fileRef = C2E7B8ED2176DDCA0063AF16 /* TestPluginSDK.m */; };
		C2E7B8EF2176DDD20063AF16 /* TestPluginSDK.h in CopyFiles */ = {isa = PBXBuildFile; fileRef = C2E7B8EC2176DDCA0063AF16 /* TestPluginSDK.h */; };
		C2E7B8F82176DEC50063AF16 /* Plugin.m in Sources */ = {isa = PBXBuildFile; fileRef = C2E7B8F72176DEC50063AF16 /* Plugin.m */; };
		C2E7B8F92176DEC50063AF16 /* Plugin.h in CopyFiles */ = {isa = PBXBuildFile; fileRef = C2E7B8F62176DEC50063AF16 /* Plugin.h */; };
		C2F8F7E2226033FE003265C7 /* PluginWithoutProxy.m in Sources */ = {isa = PBXBuildFile; fileRef = C2F8F7E1226033FE003265C7 /* PluginWithoutProxy.m */; };
		C2F8F7E3226033FE003265C7 /* PluginWithoutProxy.h in CopyFiles */ = {isa = PBXBuildFile; fileRef = C2F8F7E0226033FE003265C7 /* PluginWithoutProxy.h */; };
/* End PBXBuildFile section */

/* Begin PBXCopyFilesBuildPhase section */
		C22478C1225EDE310065C747 /* CopyFiles */ = {
			isa = PBXCopyFilesBuildPhase;
			buildActionMask = 2147483647;
			dstPath = "include/$(PRODUCT_NAME)";
			dstSubfolderSpec = 16;
			files = (
				C22478C8225EDE310065C747 /* PushKitPlugin.h in CopyFiles */,
			);
			runOnlyForDeploymentPostprocessing = 0;
		};
		C2E7B8D82176DD3F0063AF16 /* CopyFiles */ = {
			isa = PBXCopyFilesBuildPhase;
			buildActionMask = 2147483647;
			dstPath = "include/$(PRODUCT_NAME)";
			dstSubfolderSpec = 16;
			files = (
				C2E7B8EF2176DDD20063AF16 /* TestPluginSDK.h in CopyFiles */,
			);
			runOnlyForDeploymentPostprocessing = 0;
		};
		C2E7B8F22176DEC50063AF16 /* CopyFiles */ = {
			isa = PBXCopyFilesBuildPhase;
			buildActionMask = 2147483647;
			dstPath = "include/$(PRODUCT_NAME)";
			dstSubfolderSpec = 16;
			files = (
				C2E7B8F92176DEC50063AF16 /* Plugin.h in CopyFiles */,
			);
			runOnlyForDeploymentPostprocessing = 0;
		};
		C2F8F7DC226033FE003265C7 /* CopyFiles */ = {
			isa = PBXCopyFilesBuildPhase;
			buildActionMask = 2147483647;
			dstPath = "include/$(PRODUCT_NAME)";
			dstSubfolderSpec = 16;
			files = (
				C2F8F7E3226033FE003265C7 /* PluginWithoutProxy.h in CopyFiles */,
			);
			runOnlyForDeploymentPostprocessing = 0;
		};
/* End PBXCopyFilesBuildPhase section */

/* Begin PBXFileReference section */
		C22478BD225EDC860065C747 /* UserNotifications.framework */ = {isa = PBXFileReference; lastKnownFileType = wrapper.framework; name = UserNotifications.framework; path = System/Library/Frameworks/UserNotifications.framework; sourceTree = SDKROOT; };
		C22478C3225EDE310065C747 /* libPushKitPlugin.a */ = {isa = PBXFileReference; explicitFileType = archive.ar; includeInIndex = 0; path = libPushKitPlugin.a; sourceTree = BUILT_PRODUCTS_DIR; };
		C22478C5225EDE310065C747 /* PushKitPlugin.h */ = {isa = PBXFileReference; lastKnownFileType = sourcecode.c.h; path = PushKitPlugin.h; sourceTree = "<group>"; };
		C22478C6225EDE310065C747 /* PushKitPlugin.m */ = {isa = PBXFileReference; lastKnownFileType = sourcecode.c.objc; path = PushKitPlugin.m; sourceTree = "<group>"; };
		C22478CC225EDE400065C747 /* PushKit.framework */ = {isa = PBXFileReference; lastKnownFileType = wrapper.framework; name = PushKit.framework; path = System/Library/Frameworks/PushKit.framework; sourceTree = SDKROOT; };
		C22478D6225EECF40065C747 /* UIApplication+XGPushHookSetDelegate.m */ = {isa = PBXFileReference; fileEncoding = 4; lastKnownFileType = sourcecode.c.objc; path = "UIApplication+XGPushHookSetDelegate.m"; sourceTree = "<group>"; };
		C22478D7225EECF40065C747 /* XGPushApplicationDelegateInjectionProtocol.h */ = {isa = PBXFileReference; fileEncoding = 4; lastKnownFileType = sourcecode.c.h; path = XGPushApplicationDelegateInjectionProtocol.h; sourceTree = "<group>"; };
		C22478D8225EECF40065C747 /* UIApplication+XGPushHookSetDelegate.h */ = {isa = PBXFileReference; fileEncoding = 4; lastKnownFileType = sourcecode.c.h; path = "UIApplication+XGPushHookSetDelegate.h"; sourceTree = "<group>"; };
		C22478DA225EECF40065C747 /* XGPushSwizzling.m */ = {isa = PBXFileReference; fileEncoding = 4; lastKnownFileType = sourcecode.c.objc; path = XGPushSwizzling.m; sourceTree = "<group>"; };
		C22478DB225EECF40065C747 /* XGPushSwizzling.h */ = {isa = PBXFileReference; fileEncoding = 4; lastKnownFileType = sourcecode.c.h; path = XGPushSwizzling.h; sourceTree = "<group>"; };
		C22478DE225EECF40065C747 /* XGPushExtendClass.h */ = {isa = PBXFileReference; fileEncoding = 4; lastKnownFileType = sourcecode.c.h; path = XGPushExtendClass.h; sourceTree = "<group>"; };
		C22478DF225EECF40065C747 /* XGPushCheckSuper.h */ = {isa = PBXFileReference; fileEncoding = 4; lastKnownFileType = sourcecode.c.h; path = XGPushCheckSuper.h; sourceTree = "<group>"; };
		C22478E0225EECF40065C747 /* XGPushExtendClass.m */ = {isa = PBXFileReference; fileEncoding = 4; lastKnownFileType = sourcecode.c.objc; path = XGPushExtendClass.m; sourceTree = "<group>"; };
		C22478E1225EECF40065C747 /* XGPushCheckSuper.m */ = {isa = PBXFileReference; fileEncoding = 4; lastKnownFileType = sourcecode.c.objc; path = XGPushCheckSuper.m; sourceTree = "<group>"; };
		C2E7B8DA2176DD3F0063AF16 /* libTestPluginSDK.a */ = {isa = PBXFileReference; explicitFileType = archive.ar; includeInIndex = 0; path = libTestPluginSDK.a; sourceTree = BUILT_PRODUCTS_DIR; };
		C2E7B8E62176DD860063AF16 /* PluginProxy.m */ = {isa = PBXFileReference; fileEncoding = 4; lastKnownFileType = sourcecode.c.objc; path = PluginProxy.m; sourceTree = "<group>"; };
		C2E7B8E82176DD860063AF16 /* PluginProxy.h */ = {isa = PBXFileReference; fileEncoding = 4; lastKnownFileType = sourcecode.c.h; path = PluginProxy.h; sourceTree = "<group>"; };
		C2E7B8EC2176DDCA0063AF16 /* TestPluginSDK.h */ = {isa = PBXFileReference; fileEncoding = 4; lastKnownFileType = sourcecode.c.h; path = TestPluginSDK.h; sourceTree = "<group>"; };
		C2E7B8ED2176DDCA0063AF16 /* TestPluginSDK.m */ = {isa = PBXFileReference; fileEncoding = 4; lastKnownFileType = sourcecode.c.objc; path = TestPluginSDK.m; sourceTree = "<group>"; };
		C2E7B8F42176DEC50063AF16 /* libPlugin.a */ = {isa = PBXFileReference; explicitFileType = archive.ar; includeInIndex = 0; path = libPlugin.a; sourceTree = BUILT_PRODUCTS_DIR; };
		C2E7B8F62176DEC50063AF16 /* Plugin.h */ = {isa = PBXFileReference; lastKnownFileType = sourcecode.c.h; path = Plugin.h; sourceTree = "<group>"; };
		C2E7B8F72176DEC50063AF16 /* Plugin.m */ = {isa = PBXFileReference; lastKnownFileType = sourcecode.c.objc; path = Plugin.m; sourceTree = "<group>"; };
		C2F8F7DE226033FE003265C7 /* libPluginWithoutProxy.a */ = {isa = PBXFileReference; explicitFileType = archive.ar; includeInIndex = 0; path = libPluginWithoutProxy.a; sourceTree = BUILT_PRODUCTS_DIR; };
		C2F8F7E0226033FE003265C7 /* PluginWithoutProxy.h */ = {isa = PBXFileReference; lastKnownFileType = sourcecode.c.h; path = PluginWithoutProxy.h; sourceTree = "<group>"; };
		C2F8F7E1226033FE003265C7 /* PluginWithoutProxy.m */ = {isa = PBXFileReference; lastKnownFileType = sourcecode.c.objc; path = PluginWithoutProxy.m; sourceTree = "<group>"; };
/* End PBXFileReference section */

/* Begin PBXFrameworksBuildPhase section */
		C22478C0225EDE310065C747 /* Frameworks */ = {
			isa = PBXFrameworksBuildPhase;
			buildActionMask = 2147483647;
			files = (
				C22478CE225EE4750065C747 /* UserNotifications.framework in Frameworks */,
				C22478CD225EDE400065C747 /* PushKit.framework in Frameworks */,
			);
			runOnlyForDeploymentPostprocessing = 0;
		};
		C2E7B8D72176DD3F0063AF16 /* Frameworks */ = {
			isa = PBXFrameworksBuildPhase;
			buildActionMask = 2147483647;
			files = (
			);
			runOnlyForDeploymentPostprocessing = 0;
		};
		C2E7B8F12176DEC50063AF16 /* Frameworks */ = {
			isa = PBXFrameworksBuildPhase;
			buildActionMask = 2147483647;
			files = (
				C22478BE225EDC860065C747 /* UserNotifications.framework in Frameworks */,
			);
			runOnlyForDeploymentPostprocessing = 0;
		};
		C2F8F7DB226033FE003265C7 /* Frameworks */ = {
			isa = PBXFrameworksBuildPhase;
			buildActionMask = 2147483647;
			files = (
			);
			runOnlyForDeploymentPostprocessing = 0;
		};
/* End PBXFrameworksBuildPhase section */

/* Begin PBXGroup section */
		C22478C4225EDE310065C747 /* PushKitPlugin */ = {
			isa = PBXGroup;
			children = (
				C22478C5225EDE310065C747 /* PushKitPlugin.h */,
				C22478C6225EDE310065C747 /* PushKitPlugin.m */,
			);
			path = PushKitPlugin;
			sourceTree = "<group>";
		};
		C22478D4225EECF40065C747 /* XGAOP */ = {
			isa = PBXGroup;
			children = (
				C22478D5225EECF40065C747 /* XGPushApplicationDelegateHook */,
				C22478D9225EECF40065C747 /* XGPushSwizzling */,
				C22478DC225EECF40065C747 /* XGPushLogicInjection */,
			);
			path = XGAOP;
			sourceTree = "<group>";
		};
		C22478D5225EECF40065C747 /* XGPushApplicationDelegateHook */ = {
			isa = PBXGroup;
			children = (
				C22478D6225EECF40065C747 /* UIApplication+XGPushHookSetDelegate.m */,
				C22478D7225EECF40065C747 /* XGPushApplicationDelegateInjectionProtocol.h */,
				C22478D8225EECF40065C747 /* UIApplication+XGPushHookSetDelegate.h */,
			);
			path = XGPushApplicationDelegateHook;
			sourceTree = "<group>";
		};
		C22478D9225EECF40065C747 /* XGPushSwizzling */ = {
			isa = PBXGroup;
			children = (
				C22478DA225EECF40065C747 /* XGPushSwizzling.m */,
				C22478DB225EECF40065C747 /* XGPushSwizzling.h */,
			);
			path = XGPushSwizzling;
			sourceTree = "<group>";
		};
		C22478DC225EECF40065C747 /* XGPushLogicInjection */ = {
			isa = PBXGroup;
			children = (
				C22478DD225EECF40065C747 /* Classes */,
			);
			path = XGPushLogicInjection;
			sourceTree = "<group>";
		};
		C22478DD225EECF40065C747 /* Classes */ = {
			isa = PBXGroup;
			children = (
				C22478DE225EECF40065C747 /* XGPushExtendClass.h */,
				C22478DF225EECF40065C747 /* XGPushCheckSuper.h */,
				C22478E0225EECF40065C747 /* XGPushExtendClass.m */,
				C22478E1225EECF40065C747 /* XGPushCheckSuper.m */,
			);
			path = Classes;
			sourceTree = "<group>";
		};
		C2E7B8D12176DD3F0063AF16 = {
			isa = PBXGroup;
			children = (
				C2E7B8DC2176DD3F0063AF16 /* TestPluginSDK */,
				C2E7B8F52176DEC50063AF16 /* Plugin */,
				C22478C4225EDE310065C747 /* PushKitPlugin */,
				C2F8F7DF226033FE003265C7 /* PluginWithoutProxy */,
				C2E7B8DB2176DD3F0063AF16 /* Products */,
				C2E7B9142176E7CC0063AF16 /* Frameworks */,
			);
			sourceTree = "<group>";
		};
		C2E7B8DB2176DD3F0063AF16 /* Products */ = {
			isa = PBXGroup;
			children = (
				C2E7B8DA2176DD3F0063AF16 /* libTestPluginSDK.a */,
				C2E7B8F42176DEC50063AF16 /* libPlugin.a */,
				C22478C3225EDE310065C747 /* libPushKitPlugin.a */,
				C2F8F7DE226033FE003265C7 /* libPluginWithoutProxy.a */,
			);
			name = Products;
			sourceTree = "<group>";
		};
		C2E7B8DC2176DD3F0063AF16 /* TestPluginSDK */ = {
			isa = PBXGroup;
			children = (
				C22478D4225EECF40065C747 /* XGAOP */,
				C2E7B8EC2176DDCA0063AF16 /* TestPluginSDK.h */,
				C2E7B8ED2176DDCA0063AF16 /* TestPluginSDK.m */,
				C2E7B8E82176DD860063AF16 /* PluginProxy.h */,
				C2E7B8E62176DD860063AF16 /* PluginProxy.m */,
			);
			path = TestPluginSDK;
			sourceTree = "<group>";
		};
		C2E7B8F52176DEC50063AF16 /* Plugin */ = {
			isa = PBXGroup;
			children = (
				C2E7B8F62176DEC50063AF16 /* Plugin.h */,
				C2E7B8F72176DEC50063AF16 /* Plugin.m */,
			);
			path = Plugin;
			sourceTree = "<group>";
		};
		C2E7B9142176E7CC0063AF16 /* Frameworks */ = {
			isa = PBXGroup;
			children = (
				C22478CC225EDE400065C747 /* PushKit.framework */,
				C22478BD225EDC860065C747 /* UserNotifications.framework */,
			);
			name = Frameworks;
			sourceTree = "<group>";
		};
		C2F8F7DF226033FE003265C7 /* PluginWithoutProxy */ = {
			isa = PBXGroup;
			children = (
				C2F8F7E0226033FE003265C7 /* PluginWithoutProxy.h */,
				C2F8F7E1226033FE003265C7 /* PluginWithoutProxy.m */,
			);
			path = PluginWithoutProxy;
			sourceTree = "<group>";
		};
/* End PBXGroup section */

/* Begin PBXNativeTarget section */
		C22478C2225EDE310065C747 /* PushKitPlugin */ = {
			isa = PBXNativeTarget;
			buildConfigurationList = C22478C9225EDE310065C747 /* Build configuration list for PBXNativeTarget "PushKitPlugin" */;
			buildPhases = (
				C22478BF225EDE310065C747 /* Sources */,
				C22478C0225EDE310065C747 /* Frameworks */,
				C22478C1225EDE310065C747 /* CopyFiles */,
			);
			buildRules = (
			);
			dependencies = (
			);
			name = PushKitPlugin;
			productName = PushKitPlugin;
			productReference = C22478C3225EDE310065C747 /* libPushKitPlugin.a */;
			productType = "com.apple.product-type.library.static";
		};
		C2E7B8D92176DD3F0063AF16 /* TestPluginSDK */ = {
			isa = PBXNativeTarget;
			buildConfigurationList = C2E7B8E32176DD3F0063AF16 /* Build configuration list for PBXNativeTarget "TestPluginSDK" */;
			buildPhases = (
				C2E7B8D62176DD3F0063AF16 /* Sources */,
				C2E7B8D72176DD3F0063AF16 /* Frameworks */,
				C2E7B8D82176DD3F0063AF16 /* CopyFiles */,
			);
			buildRules = (
			);
			dependencies = (
			);
			name = TestPluginSDK;
			productName = TestPluginSDK;
			productReference = C2E7B8DA2176DD3F0063AF16 /* libTestPluginSDK.a */;
			productType = "com.apple.product-type.library.static";
		};
		C2E7B8F32176DEC50063AF16 /* Plugin */ = {
			isa = PBXNativeTarget;
			buildConfigurationList = C2E7B8FA2176DEC50063AF16 /* Build configuration list for PBXNativeTarget "Plugin" */;
			buildPhases = (
				C2E7B8F02176DEC50063AF16 /* Sources */,
				C2E7B8F12176DEC50063AF16 /* Frameworks */,
				C2E7B8F22176DEC50063AF16 /* CopyFiles */,
			);
			buildRules = (
			);
			dependencies = (
			);
			name = Plugin;
			productName = Plugin;
			productReference = C2E7B8F42176DEC50063AF16 /* libPlugin.a */;
			productType = "com.apple.product-type.library.static";
		};
		C2F8F7DD226033FE003265C7 /* PluginWithoutProxy */ = {
			isa = PBXNativeTarget;
			buildConfigurationList = C2F8F7E4226033FE003265C7 /* Build configuration list for PBXNativeTarget "PluginWithoutProxy" */;
			buildPhases = (
				C2F8F7DA226033FE003265C7 /* Sources */,
				C2F8F7DB226033FE003265C7 /* Frameworks */,
				C2F8F7DC226033FE003265C7 /* CopyFiles */,
			);
			buildRules = (
			);
			dependencies = (
			);
			name = PluginWithoutProxy;
			productName = PluginWithoutProxy;
			productReference = C2F8F7DE226033FE003265C7 /* libPluginWithoutProxy.a */;
			productType = "com.apple.product-type.library.static";
		};
/* End PBXNativeTarget section */

/* Begin PBXProject section */
		C2E7B8D22176DD3F0063AF16 /* Project object */ = {
			isa = PBXProject;
			attributes = {
				LastUpgradeCheck = 1000;
				ORGANIZATIONNAME = "TEG of Tencent";
				TargetAttributes = {
					C22478C2225EDE310065C747 = {
						CreatedOnToolsVersion = 10.2;
					};
					C2E7B8D92176DD3F0063AF16 = {
						CreatedOnToolsVersion = 10.0;
					};
					C2E7B8F32176DEC50063AF16 = {
						CreatedOnToolsVersion = 10.0;
					};
					C2F8F7DD226033FE003265C7 = {
						CreatedOnToolsVersion = 10.2;
					};
				};
			};
			buildConfigurationList = C2E7B8D52176DD3F0063AF16 /* Build configuration list for PBXProject "TestPluginSDK" */;
			compatibilityVersion = "Xcode 9.3";
			developmentRegion = en;
			hasScannedForEncodings = 0;
			knownRegions = (
				en,
			);
			mainGroup = C2E7B8D12176DD3F0063AF16;
			productRefGroup = C2E7B8DB2176DD3F0063AF16 /* Products */;
			projectDirPath = "";
			projectRoot = "";
			targets = (
				C2E7B8D92176DD3F0063AF16 /* TestPluginSDK */,
				C2E7B8F32176DEC50063AF16 /* Plugin */,
				C22478C2225EDE310065C747 /* PushKitPlugin */,
				C2F8F7DD226033FE003265C7 /* PluginWithoutProxy */,
			);
		};
/* End PBXProject section */

/* Begin PBXSourcesBuildPhase section */
		C22478BF225EDE310065C747 /* Sources */ = {
			isa = PBXSourcesBuildPhase;
			buildActionMask = 2147483647;
			files = (
				C22478C7225EDE310065C747 /* PushKitPlugin.m in Sources */,
			);
			runOnlyForDeploymentPostprocessing = 0;
		};
		C2E7B8D62176DD3F0063AF16 /* Sources */ = {
			isa = PBXSourcesBuildPhase;
			buildActionMask = 2147483647;
			files = (
				C22478E3225EECF40065C747 /* XGPushSwizzling.m in Sources */,
				C22478E5225EECF40065C747 /* XGPushCheckSuper.m in Sources */,
				C2E7B8EA2176DD860063AF16 /* PluginProxy.m in Sources */,
				C2E7B8EE2176DDCA0063AF16 /* TestPluginSDK.m in Sources */,
				C22478E2225EECF40065C747 /* UIApplication+XGPushHookSetDelegate.m in Sources */,
				C22478E4225EECF40065C747 /* XGPushExtendClass.m in Sources */,
			);
			runOnlyForDeploymentPostprocessing = 0;
		};
		C2E7B8F02176DEC50063AF16 /* Sources */ = {
			isa = PBXSourcesBuildPhase;
			buildActionMask = 2147483647;
			files = (
				C2E7B8F82176DEC50063AF16 /* Plugin.m in Sources */,
			);
			runOnlyForDeploymentPostprocessing = 0;
		};
		C2F8F7DA226033FE003265C7 /* Sources */ = {
			isa = PBXSourcesBuildPhase;
			buildActionMask = 2147483647;
			files = (
				C2F8F7E2226033FE003265C7 /* PluginWithoutProxy.m in Sources */,
			);
			runOnlyForDeploymentPostprocessing = 0;
		};
/* End PBXSourcesBuildPhase section */

/* Begin XCBuildConfiguration section */
		C22478CA225EDE310065C747 /* Debug */ = {
			isa = XCBuildConfiguration;
			buildSettings = {
				CODE_SIGN_STYLE = Automatic;
				IPHONEOS_DEPLOYMENT_TARGET = 11.0;
				OTHER_LDFLAGS = "-ObjC";
				PRODUCT_NAME = "$(TARGET_NAME)";
				SKIP_INSTALL = YES;
				TARGETED_DEVICE_FAMILY = "1,2";
			};
			name = Debug;
		};
		C22478CB225EDE310065C747 /* Release */ = {
			isa = XCBuildConfiguration;
			buildSettings = {
				CODE_SIGN_STYLE = Automatic;
				IPHONEOS_DEPLOYMENT_TARGET = 11.0;
				OTHER_LDFLAGS = "-ObjC";
				PRODUCT_NAME = "$(TARGET_NAME)";
				SKIP_INSTALL = YES;
				TARGETED_DEVICE_FAMILY = "1,2";
			};
			name = Release;
		};
		C2E7B8E12176DD3F0063AF16 /* Debug */ = {
			isa = XCBuildConfiguration;
			buildSettings = {
				ALWAYS_SEARCH_USER_PATHS = NO;
				CLANG_ANALYZER_NONNULL = YES;
				CLANG_ANALYZER_NUMBER_OBJECT_CONVERSION = YES_AGGRESSIVE;
				CLANG_CXX_LANGUAGE_STANDARD = "gnu++14";
				CLANG_CXX_LIBRARY = "libc++";
				CLANG_ENABLE_MODULES = YES;
				CLANG_ENABLE_OBJC_ARC = YES;
				CLANG_ENABLE_OBJC_WEAK = YES;
				CLANG_WARN_BLOCK_CAPTURE_AUTORELEASING = YES;
				CLANG_WARN_BOOL_CONVERSION = YES;
				CLANG_WARN_COMMA = YES;
				CLANG_WARN_CONSTANT_CONVERSION = YES;
				CLANG_WARN_DEPRECATED_OBJC_IMPLEMENTATIONS = YES;
				CLANG_WARN_DIRECT_OBJC_ISA_USAGE = YES_ERROR;
				CLANG_WARN_DOCUMENTATION_COMMENTS = YES;
				CLANG_WARN_EMPTY_BODY = YES;
				CLANG_WARN_ENUM_CONVERSION = YES;
				CLANG_WARN_INFINITE_RECURSION = YES;
				CLANG_WARN_INT_CONVERSION = YES;
				CLANG_WARN_NON_LITERAL_NULL_CONVERSION = YES;
				CLANG_WARN_OBJC_IMPLICIT_RETAIN_SELF = YES;
				CLANG_WARN_OBJC_LITERAL_CONVERSION = YES;
				CLANG_WARN_OBJC_ROOT_CLASS = YES_ERROR;
				CLANG_WARN_RANGE_LOOP_ANALYSIS = YES;
				CLANG_WARN_STRICT_PROTOTYPES = YES;
				CLANG_WARN_SUSPICIOUS_MOVE = YES;
				CLANG_WARN_UNGUARDED_AVAILABILITY = YES_AGGRESSIVE;
				CLANG_WARN_UNREACHABLE_CODE = YES;
				CLANG_WARN__DUPLICATE_METHOD_MATCH = YES;
				CODE_SIGN_IDENTITY = "iPhone Developer";
				COPY_PHASE_STRIP = NO;
				DEBUG_INFORMATION_FORMAT = dwarf;
				ENABLE_STRICT_OBJC_MSGSEND = YES;
				ENABLE_TESTABILITY = YES;
				GCC_C_LANGUAGE_STANDARD = gnu11;
				GCC_DYNAMIC_NO_PIC = NO;
				GCC_NO_COMMON_BLOCKS = YES;
				GCC_OPTIMIZATION_LEVEL = 0;
				GCC_PREPROCESSOR_DEFINITIONS = (
					"DEBUG=1",
					"$(inherited)",
				);
				GCC_WARN_64_TO_32_BIT_CONVERSION = YES;
				GCC_WARN_ABOUT_RETURN_TYPE = YES_ERROR;
				GCC_WARN_UNDECLARED_SELECTOR = YES;
				GCC_WARN_UNINITIALIZED_AUTOS = YES_AGGRESSIVE;
				GCC_WARN_UNUSED_FUNCTION = YES;
				GCC_WARN_UNUSED_VARIABLE = YES;
				IPHONEOS_DEPLOYMENT_TARGET = 11.0;
				MTL_ENABLE_DEBUG_INFO = INCLUDE_SOURCE;
				MTL_FAST_MATH = YES;
				ONLY_ACTIVE_ARCH = YES;
				SDKROOT = iphoneos;
			};
			name = Debug;
		};
		C2E7B8E22176DD3F0063AF16 /* Release */ = {
			isa = XCBuildConfiguration;
			buildSettings = {
				ALWAYS_SEARCH_USER_PATHS = NO;
				CLANG_ANALYZER_NONNULL = YES;
				CLANG_ANALYZER_NUMBER_OBJECT_CONVERSION = YES_AGGRESSIVE;
				CLANG_CXX_LANGUAGE_STANDARD = "gnu++14";
				CLANG_CXX_LIBRARY = "libc++";
				CLANG_ENABLE_MODULES = YES;
				CLANG_ENABLE_OBJC_ARC = YES;
				CLANG_ENABLE_OBJC_WEAK = YES;
				CLANG_WARN_BLOCK_CAPTURE_AUTORELEASING = YES;
				CLANG_WARN_BOOL_CONVERSION = YES;
				CLANG_WARN_COMMA = YES;
				CLANG_WARN_CONSTANT_CONVERSION = YES;
				CLANG_WARN_DEPRECATED_OBJC_IMPLEMENTATIONS = YES;
				CLANG_WARN_DIRECT_OBJC_ISA_USAGE = YES_ERROR;
				CLANG_WARN_DOCUMENTATION_COMMENTS = YES;
				CLANG_WARN_EMPTY_BODY = YES;
				CLANG_WARN_ENUM_CONVERSION = YES;
				CLANG_WARN_INFINITE_RECURSION = YES;
				CLANG_WARN_INT_CONVERSION = YES;
				CLANG_WARN_NON_LITERAL_NULL_CONVERSION = YES;
				CLANG_WARN_OBJC_IMPLICIT_RETAIN_SELF = YES;
				CLANG_WARN_OBJC_LITERAL_CONVERSION = YES;
				CLANG_WARN_OBJC_ROOT_CLASS = YES_ERROR;
				CLANG_WARN_RANGE_LOOP_ANALYSIS = YES;
				CLANG_WARN_STRICT_PROTOTYPES = YES;
				CLANG_WARN_SUSPICIOUS_MOVE = YES;
				CLANG_WARN_UNGUARDED_AVAILABILITY = YES_AGGRESSIVE;
				CLANG_WARN_UNREACHABLE_CODE = YES;
				CLANG_WARN__DUPLICATE_METHOD_MATCH = YES;
				CODE_SIGN_IDENTITY = "iPhone Developer";
				COPY_PHASE_STRIP = NO;
				DEBUG_INFORMATION_FORMAT = "dwarf-with-dsym";
				ENABLE_NS_ASSERTIONS = NO;
				ENABLE_STRICT_OBJC_MSGSEND = YES;
				GCC_C_LANGUAGE_STANDARD = gnu11;
				GCC_NO_COMMON_BLOCKS = YES;
				GCC_WARN_64_TO_32_BIT_CONVERSION = YES;
				GCC_WARN_ABOUT_RETURN_TYPE = YES_ERROR;
				GCC_WARN_UNDECLARED_SELECTOR = YES;
				GCC_WARN_UNINITIALIZED_AUTOS = YES_AGGRESSIVE;
				GCC_WARN_UNUSED_FUNCTION = YES;
				GCC_WARN_UNUSED_VARIABLE = YES;
				IPHONEOS_DEPLOYMENT_TARGET = 11.0;
				MTL_ENABLE_DEBUG_INFO = NO;
				MTL_FAST_MATH = YES;
				SDKROOT = iphoneos;
				VALIDATE_PRODUCT = YES;
			};
			name = Release;
		};
		C2E7B8E42176DD3F0063AF16 /* Debug */ = {
			isa = XCBuildConfiguration;
			buildSettings = {
				CODE_SIGN_STYLE = Automatic;
				DEVELOPMENT_TEAM = 299MFJ63GP;
				ENABLE_STRICT_OBJC_MSGSEND = NO;
				GCC_PREFIX_HEADER = "";
				OTHER_LDFLAGS = "-ObjC";
				PRODUCT_NAME = "$(TARGET_NAME)";
				SKIP_INSTALL = YES;
				TARGETED_DEVICE_FAMILY = "1,2";
			};
			name = Debug;
		};
		C2E7B8E52176DD3F0063AF16 /* Release */ = {
			isa = XCBuildConfiguration;
			buildSettings = {
				CODE_SIGN_STYLE = Automatic;
				DEVELOPMENT_TEAM = 299MFJ63GP;
				ENABLE_STRICT_OBJC_MSGSEND = NO;
				GCC_PREFIX_HEADER = "";
				OTHER_LDFLAGS = "-ObjC";
				PRODUCT_NAME = "$(TARGET_NAME)";
				SKIP_INSTALL = YES;
				TARGETED_DEVICE_FAMILY = "1,2";
			};
			name = Release;
		};
		C2E7B8FB2176DEC50063AF16 /* Debug */ = {
			isa = XCBuildConfiguration;
			buildSettings = {
				CODE_SIGN_STYLE = Automatic;
				DEVELOPMENT_TEAM = 299MFJ63GP;
				IPHONEOS_DEPLOYMENT_TARGET = 10.0;
				OTHER_LDFLAGS = "-ObjC";
				PRODUCT_NAME = "$(TARGET_NAME)";
				SKIP_INSTALL = YES;
				TARGETED_DEVICE_FAMILY = "1,2";
			};
			name = Debug;
		};
		C2E7B8FC2176DEC50063AF16 /* Release */ = {
			isa = XCBuildConfiguration;
			buildSettings = {
				CODE_SIGN_STYLE = Automatic;
				DEVELOPMENT_TEAM = 299MFJ63GP;
				IPHONEOS_DEPLOYMENT_TARGET = 10.0;
				OTHER_LDFLAGS = "-ObjC";
				PRODUCT_NAME = "$(TARGET_NAME)";
				SKIP_INSTALL = YES;
				TARGETED_DEVICE_FAMILY = "1,2";
			};
			name = Release;
		};
		C2F8F7E5226033FE003265C7 /* Debug */ = {
			isa = XCBuildConfiguration;
			buildSettings = {
				CODE_SIGN_STYLE = Automatic;
				IPHONEOS_DEPLOYMENT_TARGET = 12.2;
				OTHER_LDFLAGS = "-ObjC";
				PRODUCT_NAME = "$(TARGET_NAME)";
				SKIP_INSTALL = YES;
				TARGETED_DEVICE_FAMILY = "1,2";
			};
			name = Debug;
		};
		C2F8F7E6226033FE003265C7 /* Release */ = {
			isa = XCBuildConfiguration;
			buildSettings = {
				CODE_SIGN_STYLE = Automatic;
				IPHONEOS_DEPLOYMENT_TARGET = 12.2;
				OTHER_LDFLAGS = "-ObjC";
				PRODUCT_NAME = "$(TARGET_NAME)";
				SKIP_INSTALL = YES;
				TARGETED_DEVICE_FAMILY = "1,2";
			};
			name = Release;
		};
/* End XCBuildConfiguration section */

/* Begin XCConfigurationList section */
		C22478C9225EDE310065C747 /* Build configuration list for PBXNativeTarget "PushKitPlugin" */ = {
			isa = XCConfigurationList;
			buildConfigurations = (
				C22478CA225EDE310065C747 /* Debug */,
				C22478CB225EDE310065C747 /* Release */,
			);
			defaultConfigurationIsVisible = 0;
			defaultConfigurationName = Release;
		};
		C2E7B8D52176DD3F0063AF16 /* Build configuration list for PBXProject "TestPluginSDK" */ = {
			isa = XCConfigurationList;
			buildConfigurations = (
				C2E7B8E12176DD3F0063AF16 /* Debug */,
				C2E7B8E22176DD3F0063AF16 /* Release */,
			);
			defaultConfigurationIsVisible = 0;
			defaultConfigurationName = Release;
		};
		C2E7B8E32176DD3F0063AF16 /* Build configuration list for PBXNativeTarget "TestPluginSDK" */ = {
			isa = XCConfigurationList;
			buildConfigurations = (
				C2E7B8E42176DD3F0063AF16 /* Debug */,
				C2E7B8E52176DD3F0063AF16 /* Release */,
			);
			defaultConfigurationIsVisible = 0;
			defaultConfigurationName = Release;
		};
		C2E7B8FA2176DEC50063AF16 /* Build configuration list for PBXNativeTarget "Plugin" */ = {
			isa = XCConfigurationList;
			buildConfigurations = (
				C2E7B8FB2176DEC50063AF16 /* Debug */,
				C2E7B8FC2176DEC50063AF16 /* Release */,
			);
			defaultConfigurationIsVisible = 0;
			defaultConfigurationName = Release;
		};
		C2F8F7E4226033FE003265C7 /* Build configuration list for PBXNativeTarget "PluginWithoutProxy" */ = {
			isa = XCConfigurationList;
			buildConfigurations = (
				C2F8F7E5226033FE003265C7 /* Debug */,
				C2F8F7E6226033FE003265C7 /* Release */,
			);
			defaultConfigurationIsVisible = 0;
			defaultConfigurationName = Release;
		};
/* End XCConfigurationList section */
	};
	rootObject = C2E7B8D22176DD3F0063AF16 /* Project object */;
}
